
Microsoft Visual Studio Solution File, Format Version 12.00
# Visual Studio Version 17
VisualStudioVersion = 17.12.35527.113 d17.12
MinimumVisualStudioVersion = 10.0.40219.1
Project("{FAE04EC0-301F-11D3-BF4B-00C04F79EFBC}") = "FileMonitorService", "FileMonitorService\FileMonitorService.csproj", "{86F59DBB-FDA6-40BF-B975-8330C7224EED}"
EndProject
Project("{2150E333-8FDC-42A3-9474-1A3956D46DE8}") = "Solution Items", "Solution Items", "{D54AEAD4-C6D8-4270-B282-98405B6D5A98}"
	ProjectSection(SolutionItems) = preProject
		FileMonitorService\FileMonitorServiceInstaller.cs = FileMonitorService\FileMonitorServiceInstaller.cs
	EndProjectSection
EndProject
Global
	GlobalSection(SolutionConfigurationPlatforms) = preSolution
		Debug|Any CPU = Debug|Any CPU
		Release|Any CPU = Release|Any CPU
	EndGlobalSection
	GlobalSection(ProjectConfigurationPlatforms) = postSolution
		{86F59DBB-FDA6-40BF-B975-8330C7224EED}.Debug|Any CPU.ActiveCfg = Debug|Any CPU
		{86F59DBB-FDA6-40BF-B975-8330C7224EED}.Debug|Any CPU.Build.0 = Debug|Any CPU
		{86F59DBB-FDA6-40BF-B975-8330C7224EED}.Release|Any CPU.ActiveCfg = Release|Any CPU
		{86F59DBB-FDA6-40BF-B975-8330C7224EED}.Release|Any CPU.Build.0 = Release|Any CPU
	EndGlobalSection
	GlobalSection(SolutionProperties) = preSolution
		HideSolutionNode = FALSE
	EndGlobalSection
EndGlobal
